// !$*UTF8*$!
{
	archiveVersion = 1;
	classes = {
	};
	objectVersion = 46;
	objects = {

/* Begin PBXBuildFile section */
		078E84F619CF93E2004461AE /* AppDelegate.swift in Sources */ = {isa = PBXBuildFile; fileRef = 078E84F519CF93E2004461AE /* AppDelegate.swift */; };
		078E84F819CF93E2004461AE /* ViewController.swift in Sources */ = {isa = PBXBuildFile; fileRef = 078E84F719CF93E2004461AE /* ViewController.swift */; };
		078E84FB19CF93E2004461AE /* Main.storyboard in Resources */ = {isa = PBXBuildFile; fileRef = 078E84F919CF93E2004461AE /* Main.storyboard */; };
		078E84FD19CF93E2004461AE /* Images.xcassets in Resources */ = {isa = PBXBuildFile; fileRef = 078E84FC19CF93E2004461AE /* Images.xcassets */; };
		078E850019CF93E2004461AE /* LaunchScreen.xib in Resources */ = {isa = PBXBuildFile; fileRef = 078E84FE19CF93E2004461AE /* LaunchScreen.xib */; };
		078E850C19CF93E2004461AE /* PostcardTests.swift in Sources */ = {isa = PBXBuildFile; fileRef = 078E850B19CF93E2004461AE /* PostcardTests.swift */; };
		078E851619D0CA9A004461AE /* SagradaFamilia.jpeg in Resources */ = {isa = PBXBuildFile; fileRef = 078E851519D0CA9A004461AE /* SagradaFamilia.jpeg */; };
		078E851819D1175E004461AE /* AlbertEinsteinStamp.jpg in Resources */ = {isa = PBXBuildFile; fileRef = 078E851719D1175E004461AE /* AlbertEinsteinStamp.jpg */; };
/* End PBXBuildFile section */

/* Begin PBXContainerItemProxy section */
		078E850619CF93E2004461AE /* PBXContainerItemProxy */ = {
			isa = PBXContainerItemProxy;
			containerPortal = 078E84E819CF93E2004461AE /* Project object */;
			proxyType = 1;
			remoteGlobalIDString = 078E84EF19CF93E2004461AE;
			remoteInfo = Postcard;
		};
/* End PBXContainerItemProxy section */

/* Begin PBXFileReference section */
		078E84F019CF93E2004461AE /* Postcard.app */ = {isa = PBXFileReference; explicitFileType = wrapper.application; includeInIndex = 0; path = Postcard.app; sourceTree = BUILT_PRODUCTS_DIR; };
		078E84F419CF93E2004461AE /* Info.plist */ = {isa = PBXFileReference; lastKnownFileType = text.plist.xml; path = Info.plist; sourceTree = "<group>"; };
		078E84F519CF93E2004461AE /* AppDelegate.swift */ = {isa = PBXFileReference; lastKnownFileType = sourcecode.swift; path = AppDelegate.swift; sourceTree = "<group>"; };
		078E84F719CF93E2004461AE /* ViewController.swift */ = {isa = PBXFileReference; lastKnownFileType = sourcecode.swift; path = ViewController.swift; sourceTree = "<group>"; };
		078E84FA19CF93E2004461AE /* Base */ = {isa = PBXFileReference; lastKnownFileType = file.storyboard; name = Base; path = Base.lproj/Main.storyboard; sourceTree = "<group>"; };
		078E84FC19CF93E2004461AE /* Images.xcassets */ = {isa = PBXFileReference; lastKnownFileType = folder.assetcatalog; path = Images.xcassets; sourceTree = "<group>"; };
		078E84FF19CF93E2004461AE /* Base */ = {isa = PBXFileReference; lastKnownFileType = file.xib; name = Base; path = Base.lproj/LaunchScreen.xib; sourceTree = "<group>"; };
		078E850519CF93E2004461AE /* PostcardTests.xctest */ = {isa = PBXFileReference; explicitFileType = wrapper.cfbundle; includeInIndex = 0; path = PostcardTests.xctest; sourceTree = BUILT_PRODUCTS_DIR; };
		078E850A19CF93E2004461AE /* Info.plist */ = {isa = PBXFileReference; lastKnownFileType = text.plist.xml; path = Info.plist; sourceTree = "<group>"; };
		078E850B19CF93E2004461AE /* PostcardTests.swift */ = {isa = PBXFileReference; lastKnownFileType = sourcecode.swift; path = PostcardTests.swift; sourceTree = "<group>"; };
		078E851519D0CA9A004461AE /* SagradaFamilia.jpeg */ = {isa = PBXFileReference; lastKnownFileType = image.jpeg; path = SagradaFamilia.jpeg; sourceTree = "<group>"; };
		078E851719D1175E004461AE /* AlbertEinsteinStamp.jpg */ = {isa = PBXFileReference; lastKnownFileType = image.jpeg; path = AlbertEinsteinStamp.jpg; sourceTree = "<group>"; };
/* End PBXFileReference section */

/* Begin PBXFrameworksBuildPhase section */
		078E84ED19CF93E2004461AE /* Frameworks */ = {
			isa = PBXFrameworksBuildPhase;
			buildActionMask = 2147483647;
			files = (
			);
			runOnlyForDeploymentPostprocessing = 0;
		};
		078E850219CF93E2004461AE /* Frameworks */ = {
			isa = PBXFrameworksBuildPhase;
			buildActionMask = 2147483647;
			files = (
			);
			runOnlyForDeploymentPostprocessing = 0;
		};
/* End PBXFrameworksBuildPhase section */

/* Begin PBXGroup section */
		078E84E719CF93E2004461AE = {
			isa = PBXGroup;
			children = (
				078E84F219CF93E2004461AE /* Postcard */,
				078E850819CF93E2004461AE /* PostcardTests */,
				078E84F119CF93E2004461AE /* Products */,
			);
			sourceTree = "<group>";
		};
		078E84F119CF93E2004461AE /* Products */ = {
			isa = PBXGroup;
			children = (
				078E84F019CF93E2004461AE /* Postcard.app */,
				078E850519CF93E2004461AE /* PostcardTests.xctest */,
			);
			name = Products;
			sourceTree = "<group>";
		};
		078E84F219CF93E2004461AE /* Postcard */ = {
			isa = PBXGroup;
			children = (
				078E84F519CF93E2004461AE /* AppDelegate.swift */,
				078E84F719CF93E2004461AE /* ViewController.swift */,
				078E84F919CF93E2004461AE /* Main.storyboard */,
				078E84FC19CF93E2004461AE /* Images.xcassets */,
				078E84FE19CF93E2004461AE /* LaunchScreen.xib */,
				078E84F319CF93E2004461AE /* Supporting Files */,
			);
			path = Postcard;
			sourceTree = "<group>";
		};
		078E84F319CF93E2004461AE /* Supporting Files */ = {
			isa = PBXGroup;
			children = (
				078E851719D1175E004461AE /* AlbertEinsteinStamp.jpg */,
				078E851519D0CA9A004461AE /* SagradaFamilia.jpeg */,
				078E84F419CF93E2004461AE /* Info.plist */,
			);
			name = "Supporting Files";
			sourceTree = "<group>";
		};
		078E850819CF93E2004461AE /* PostcardTests */ = {
			isa = PBXGroup;
			children = (
				078E850B19CF93E2004461AE /* PostcardTests.swift */,
				078E850919CF93E2004461AE /* Supporting Files */,
			);
			path = PostcardTests;
			sourceTree = "<group>";
		};
		078E850919CF93E2004461AE /* Supporting Files */ = {
			isa = PBXGroup;
			children = (
				078E850A19CF93E2004461AE /* Info.plist */,
			);
			name = "Supporting Files";
			sourceTree = "<group>";
		};
/* End PBXGroup section */

/* Begin PBXNativeTarget section */
		078E84EF19CF93E2004461AE /* Postcard */ = {
			isa = PBXNativeTarget;
			buildConfigurationList = 078E850F19CF93E2004461AE /* Build configuration list for PBXNativeTarget "Postcard" */;
			buildPhases = (
				078E84EC19CF93E2004461AE /* Sources */,
				078E84ED19CF93E2004461AE /* Frameworks */,
				078E84EE19CF93E2004461AE /* Resources */,
			);
			buildRules = (
			);
			dependencies = (
			);
			name = Postcard;
			productName = Postcard;
			productReference = 078E84F019CF93E2004461AE /* Postcard.app */;
			productType = "com.apple.product-type.application";
		};
		078E850419CF93E2004461AE /* PostcardTests */ = {
			isa = PBXNativeTarget;
			buildConfigurationList = 078E851219CF93E2004461AE /* Build configuration list for PBXNativeTarget "PostcardTests" */;
			buildPhases = (
				078E850119CF93E2004461AE /* Sources */,
				078E850219CF93E2004461AE /* Frameworks */,
				078E850319CF93E2004461AE /* Resources */,
			);
			buildRules = (
			);
			dependencies = (
				078E850719CF93E2004461AE /* PBXTargetDependency */,
			);
			name = PostcardTests;
			productName = PostcardTests;
			productReference = 078E850519CF93E2004461AE /* PostcardTests.xctest */;
			productType = "com.apple.product-type.bundle.unit-test";
		};
/* End PBXNativeTarget section */

/* Begin PBXProject section */
		078E84E819CF93E2004461AE /* Project object */ = {
			isa = PBXProject;
			attributes = {
				LastUpgradeCheck = 0610;
				ORGANIZATIONNAME = "Watch Pass, Inc.";
				TargetAttributes = {
					078E84EF19CF93E2004461AE = {
						CreatedOnToolsVersion = 6.1;
						DevelopmentTeam = F4PZ92G4LP;
					};
					078E850419CF93E2004461AE = {
						CreatedOnToolsVersion = 6.1;
						DevelopmentTeam = F4PZ92G4LP;
						TestTargetID = 078E84EF19CF93E2004461AE;
					};
				};
			};
			buildConfigurationList = 078E84EB19CF93E2004461AE /* Build configuration list for PBXProject "Postcard" */;
			compatibilityVersion = "Xcode 3.2";
			developmentRegion = English;
			hasScannedForEncodings = 0;
			knownRegions = (
				en,
				Base,
			);
			mainGroup = 078E84E719CF93E2004461AE;
			productRefGroup = 078E84F119CF93E2004461AE /* Products */;
			projectDirPath = "";
			projectRoot = "";
			targets = (
				078E84EF19CF93E2004461AE /* Postcard */,
				078E850419CF93E2004461AE /* PostcardTests */,
			);
		};
/* End PBXProject section */

/* Begin PBXResourcesBuildPhase section */
		078E84EE19CF93E2004461AE /* Resources */ = {
			isa = PBXResourcesBuildPhase;
			buildActionMask = 2147483647;
			files = (
				078E84FB19CF93E2004461AE /* Main.storyboard in Resources */,
				078E851619D0CA9A004461AE /* SagradaFamilia.jpeg in Resources */,
				078E851819D1175E004461AE /* AlbertEinsteinStamp.jpg in Resources */,
				078E850019CF93E2004461AE /* LaunchScreen.xib in Resources */,
				078E84FD19CF93E2004461AE /* Images.xcassets in Resources */,
			);
			runOnlyForDeploymentPostprocessing = 0;
		};
		078E850319CF93E2004461AE /* Resources */ = {
			isa = PBXResourcesBuildPhase;
			buildActionMask = 2147483647;
			files = (
			);
			runOnlyForDeploymentPostprocessing = 0;
		};
/* End PBXResourcesBuildPhase section */

/* Begin PBXSourcesBuildPhase section */
		078E84EC19CF93E2004461AE /* Sources */ = {
			isa = PBXSourcesBuildPhase;
			buildActionMask = 2147483647;
			files = (
				078E84F819CF93E2004461AE /* ViewController.swift in Sources */,
				078E84F619CF93E2004461AE /* AppDelegate.swift in Sources */,
			);
			runOnlyForDeploymentPostprocessing = 0;
		};
		078E850119CF93E2004461AE /* Sources */ = {
			isa = PBXSourcesBuildPhase;
			buildActionMask = 2147483647;
			files = (
				078E850C19CF93E2004461AE /* PostcardTests.swift in Sources */,
			);
			runOnlyForDeploymentPostprocessing = 0;
		};
/* End PBXSourcesBuildPhase section */

/* Begin PBXTargetDependency section */
		078E850719CF93E2004461AE /* PBXTargetDependency */ = {
			isa = PBXTargetDependency;
			target = 078E84EF19CF93E2004461AE /* Postcard */;
			targetProxy = 078E850619CF93E2004461AE /* PBXContainerItemProxy */;
		};
/* End PBXTargetDependency section */

/* Begin PBXVariantGroup section */
		078E84F919CF93E2004461AE /* Main.storyboard */ = {
			isa = PBXVariantGroup;
			children = (
				078E84FA19CF93E2004461AE /* Base */,
			);
			name = Main.storyboard;
			sourceTree = "<group>";
		};
		078E84FE19CF93E2004461AE /* LaunchScreen.xib */ = {
			isa = PBXVariantGroup;
			children = (
				078E84FF19CF93E2004461AE /* Base */,
			);
			name = LaunchScreen.xib;
			sourceTree = "<group>";
		};
/* End PBXVariantGroup section */

/* Begin XCBuildConfiguration section */
		078E850D19CF93E2004461AE /* Debug */ = {
			isa = XCBuildConfiguration;
			buildSettings = {
				ALWAYS_SEARCH_USER_PATHS = NO;
				CLANG_CXX_LANGUAGE_STANDARD = "gnu++0x";
				CLANG_CXX_LIBRARY = "libc++";
				CLANG_ENABLE_MODULES = YES;
				CLANG_ENABLE_OBJC_ARC = YES;
				CLANG_WARN_BOOL_CONVERSION = YES;
				CLANG_WARN_CONSTANT_CONVERSION = YES;
				CLANG_WARN_DIRECT_OBJC_ISA_USAGE = YES_ERROR;
				CLANG_WARN_EMPTY_BODY = YES;
				CLANG_WARN_ENUM_CONVERSION = YES;
				CLANG_WARN_INT_CONVERSION = YES;
				CLANG_WARN_OBJC_ROOT_CLASS = YES_ERROR;
				CLANG_WARN_UNREACHABLE_CODE = YES;
				CLANG_WARN__DUPLICATE_METHOD_MATCH = YES;
				"CODE_SIGN_IDENTITY[sdk=iphoneos*]" = "iPhone Developer";
				COPY_PHASE_STRIP = NO;
				ENABLE_STRICT_OBJC_MSGSEND = YES;
				GCC_C_LANGUAGE_STANDARD = gnu99;
				GCC_DYNAMIC_NO_PIC = NO;
				GCC_OPTIMIZATION_LEVEL = 0;
				GCC_PREPROCESSOR_DEFINITIONS = (
					"DEBUG=1",
					"$(inherited)",
				);
				GCC_SYMBOLS_PRIVATE_EXTERN = NO;
				GCC_WARN_64_TO_32_BIT_CONVERSION = YES;
				GCC_WARN_ABOUT_RETURN_TYPE = YES_ERROR;
				GCC_WARN_UNDECLARED_SELECTOR = YES;
				GCC_WARN_UNINITIALIZED_AUTOS = YES_AGGRESSIVE;
				GCC_WARN_UNUSED_FUNCTION = YES;
				GCC_WARN_UNUSED_VARIABLE = YES;
				IPHONEOS_DEPLOYMENT_TARGET = 8.0;
				MTL_ENABLE_DEBUG_INFO = YES;
				ONLY_ACTIVE_ARCH = YES;
				SDKROOT = iphoneos;
				SWIFT_OPTIMIZATION_LEVEL = "-Onone";
			};
			name = Debug;
		};
		078E850E19CF93E2004461AE /* Release */ = {
			isa = XCBuildConfiguration;
			buildSettings = {
				ALWAYS_SEARCH_USER_PATHS = NO;
				CLANG_CXX_LANGUAGE_STANDARD = "gnu++0x";
				CLANG_CXX_LIBRARY = "libc++";
				CLANG_ENABLE_MODULES = YES;
				CLANG_ENABLE_OBJC_ARC = YES;
				CLANG_WARN_BOOL_CONVERSION = YES;
				CLANG_WARN_CONSTANT_CONVERSION = YES;
				CLANG_WARN_DIRECT_OBJC_ISA_USAGE = YES_ERROR;
				CLANG_WARN_EMPTY_BODY = YES;
				CLANG_WARN_ENUM_CONVERSION = YES;
				CLANG_WARN_INT_CONVERSION = YES;
				CLANG_WARN_OBJC_ROOT_CLASS = YES_ERROR;
				CLANG_WARN_UNREACHABLE_CODE = YES;
				CLANG_WARN__DUPLICATE_METHOD_MATCH = YES;
				"CODE_SIGN_IDENTITY[sdk=iphoneos*]" = "iPhone Developer";
				COPY_PHASE_STRIP = YES;
				ENABLE_NS_ASSERTIONS = NO;
				ENABLE_STRICT_OBJC_MSGSEND = YES;
				GCC_C_LANGUAGE_STANDARD = gnu99;
				GCC_WARN_64_TO_32_BIT_CONVERSION = YES;
				GCC_WARN_ABOUT_RETURN_TYPE = YES_ERROR;
				GCC_WARN_UNDECLARED_SELECTOR = YES;
				GCC_WARN_UNINITIALIZED_AUTOS = YES_AGGRESSIVE;
				GCC_WARN_UNUSED_FUNCTION = YES;
				GCC_WARN_UNUSED_VARIABLE = YES;
				IPHONEOS_DEPLOYMENT_TARGET = 8.0;
				MTL_ENABLE_DEBUG_INFO = NO;
				SDKROOT = iphoneos;
				VALIDATE_PRODUCT = YES;
			};
			name = Release;
		};
		078E851019CF93E2004461AE /* Debug */ = {
			isa = XCBuildConfiguration;
			buildSettings = {
				ASSETCATALOG_COMPILER_APPICON_NAME = AppIcon;
				INFOPLIST_FILE = Postcard/Info.plist;
				LD_RUNPATH_SEARCH_PATHS = "$(inherited) @executable_path/Frameworks";
				PRODUCT_NAME = "$(TARGET_NAME)";
			};
			name = Debug;
		};
		078E851119CF93E2004461AE /* Release */ = {
			isa = XCBuildConfiguration;
			buildSettings = {
				ASSETCATALOG_COMPILER_APPICON_NAME = AppIcon;
				INFOPLIST_FILE = Postcard/Info.plist;
				LD_RUNPATH_SEARCH_PATHS = "$(inherited) @executable_path/Frameworks";
				PRODUCT_NAME = "$(TARGET_NAME)";
			};
			name = Release;
		};
		078E851319CF93E2004461AE /* Debug */ = {
			isa = XCBuildConfiguration;
			buildSettings = {
				BUNDLE_LOADER = "$(TEST_HOST)";
				CODE_SIGN_IDENTITY = "iPhone Developer";
				"CODE_SIGN_IDENTITY[sdk=iphoneos*]" = "iPhone Developer";
				FRAMEWORK_SEARCH_PATHS = (
					"$(SDKROOT)/Developer/Library/Frameworks",
					"$(inherited)",
				);
				GCC_PREPROCESSOR_DEFINITIONS = (
					"DEBUG=1",
					"$(inherited)",
				);
				INFOPLIST_FILE = PostcardTests/Info.plist;
				LD_RUNPATH_SEARCH_PATHS = "$(inherited) @executable_path/Frameworks @loader_path/Frameworks";
				PRODUCT_NAME = "$(TARGET_NAME)";
				PROVISIONING_PROFILE = "";
				TEST_HOST = "$(BUILT_PRODUCTS_DIR)/Postcard.app/Postcard";
			};
			name = Debug;
		};
		078E851419CF93E2004461AE /* Release */ = {
			isa = XCBuildConfiguration;
			buildSettings = {
				BUNDLE_LOADER = "$(TEST_HOST)";
				CODE_SIGN_IDENTITY = "iPhone Developer";
				"CODE_SIGN_IDENTITY[sdk=iphoneos*]" = "iPhone Developer";
				FRAMEWORK_SEARCH_PATHS = (
					"$(SDKROOT)/Developer/Library/Frameworks",
					"$(inherited)",
				);
				INFOPLIST_FILE = PostcardTests/Info.plist;
				LD_RUNPATH_SEARCH_PATHS = "$(inherited) @executable_path/Frameworks @loader_path/Frameworks";
				PRODUCT_NAME = "$(TARGET_NAME)";
				PROVISIONING_PROFILE = "";
				TEST_HOST = "$(BUILT_PRODUCTS_DIR)/Postcard.app/Postcard";
			};
			name = Release;
		};
/* End XCBuildConfiguration section */

/* Begin XCConfigurationList section */
		078E84EB19CF93E2004461AE /* Build configuration list for PBXProject "Postcard" */ = {
			isa = XCConfigurationList;
			buildConfigurations = (
				078E850D19CF93E2004461AE /* Debug */,
				078E850E19CF93E2004461AE /* Release */,
			);
			defaultConfigurationIsVisible = 0;
			defaultConfigurationName = Release;
		};
		078E850F19CF93E2004461AE /* Build configuration list for PBXNativeTarget "Postcard" */ = {
			isa = XCConfigurationList;
			buildConfigurations = (
				078E851019CF93E2004461AE /* Debug */,
				078E851119CF93E2004461AE /* Release */,
			);
			defaultConfigurationIsVisible = 0;
			defaultConfigurationName = Release;
		};
		078E851219CF93E2004461AE /* Build configuration list for PBXNativeTarget "PostcardTests" */ = {
			isa = XCConfigurationList;
			buildConfigurations = (
				078E851319CF93E2004461AE /* Debug */,
				078E851419CF93E2004461AE /* Release */,
			);
			defaultConfigurationIsVisible = 0;
			defaultConfigurationName = Release;
		};
/* End XCConfigurationList section */
	};
	rootObject = 078E84E819CF93E2004461AE /* Project object */;
}
